
Microsoft Visual Studio Solution File, Format Version 12.00
# Visual Studio 2013
VisualStudioVersion = 12.0.21005.1
MinimumVisualStudioVersion = 10.0.40219.1
Project("{FAE04EC0-301F-11D3-BF4B-00C04F79EFBC}") = "SimplePGP", "SimplePGP\SimplePGP.csproj", "{781DA749-AE42-42DB-980E-16B9D634E9C0}"
EndProject
Project("{FAE04EC0-301F-11D3-BF4B-00C04F79EFBC}") = "ManageUI", "ManageUI\ManageUI.csproj", "{DC34C64C-E4AE-431E-8153-1EB9D4B46F7C}"
EndProject
Project("{FAE04EC0-301F-11D3-BF4B-00C04F79EFBC}") = "OpenPGP", "sirs\OpenPGP.csproj", "{FA493D43-810E-4C3C-B0D0-DEB8FAE9AB3C}"
EndProject
Project("{FAE04EC0-301F-11D3-BF4B-00C04F79EFBC}") = "CreateNewUI", "CreateNewUI\CreateNewUI.csproj", "{1FA57D52-EA3E-4EC9-8ED6-FFE430490F36}"
EndProject
Global
	GlobalSection(SolutionConfigurationPlatforms) = preSolution
		Debug|Any CPU = Debug|Any CPU
		Release|Any CPU = Release|Any CPU
	EndGlobalSection
	GlobalSection(ProjectConfigurationPlatforms) = postSolution
		{781DA749-AE42-42DB-980E-16B9D634E9C0}.Debug|Any CPU.ActiveCfg = Debug|Any CPU
		{781DA749-AE42-42DB-980E-16B9D634E9C0}.Debug|Any CPU.Build.0 = Debug|Any CPU
		{781DA749-AE42-42DB-980E-16B9D634E9C0}.Release|Any CPU.ActiveCfg = Release|Any CPU
		{781DA749-AE42-42DB-980E-16B9D634E9C0}.Release|Any CPU.Build.0 = Release|Any CPU
		{DC34C64C-E4AE-431E-8153-1EB9D4B46F7C}.Debug|Any CPU.ActiveCfg = Debug|Any CPU
		{DC34C64C-E4AE-431E-8153-1EB9D4B46F7C}.Debug|Any CPU.Build.0 = Debug|Any CPU
		{DC34C64C-E4AE-431E-8153-1EB9D4B46F7C}.Release|Any CPU.ActiveCfg = Release|Any CPU
		{DC34C64C-E4AE-431E-8153-1EB9D4B46F7C}.Release|Any CPU.Build.0 = Release|Any CPU
		{FA493D43-810E-4C3C-B0D0-DEB8FAE9AB3C}.Debug|Any CPU.ActiveCfg = Debug|Any CPU
		{FA493D43-810E-4C3C-B0D0-DEB8FAE9AB3C}.Debug|Any CPU.Build.0 = Debug|Any CPU
		{FA493D43-810E-4C3C-B0D0-DEB8FAE9AB3C}.Release|Any CPU.ActiveCfg = Release|Any CPU
		{FA493D43-810E-4C3C-B0D0-DEB8FAE9AB3C}.Release|Any CPU.Build.0 = Release|Any CPU
		{1FA57D52-EA3E-4EC9-8ED6-FFE430490F36}.Debug|Any CPU.ActiveCfg = Debug|Any CPU
		{1FA57D52-EA3E-4EC9-8ED6-FFE430490F36}.Debug|Any CPU.Build.0 = Debug|Any CPU
		{1FA57D52-EA3E-4EC9-8ED6-FFE430490F36}.Release|Any CPU.ActiveCfg = Release|Any CPU
		{1FA57D52-EA3E-4EC9-8ED6-FFE430490F36}.Release|Any CPU.Build.0 = Release|Any CPU
	EndGlobalSection
	GlobalSection(SolutionProperties) = preSolution
		HideSolutionNode = FALSE
	EndGlobalSection
EndGlobal
